PODS:
  - AFNetworking (3.1.0):
    - AFNetworking/NSURLSession (= 3.1.0)
    - AFNetworking/Reachability (= 3.1.0)
    - AFNetworking/Security (= 3.1.0)
    - AFNetworking/Serialization (= 3.1.0)
    - AFNetworking/UIKit (= 3.1.0)
  - AFNetworking/NSURLSession (3.1.0):
    - AFNetworking/Reachability
    - AFNetworking/Security
    - AFNetworking/Serialization
  - AFNetworking/Reachability (3.1.0)
  - AFNetworking/Security (3.1.0)
  - AFNetworking/Serialization (3.1.0)
  - AFNetworking/UIKit (3.1.0):
    - AFNetworking/NSURLSession
  - CYKitPod (1.0.0):
    - AFNetworking
  - FBSnapshotTestCase (2.1.4):
    - FBSnapshotTestCase/SwiftSupport (= 2.1.4)
  - FBSnapshotTestCase/Core (2.1.4)
  - FBSnapshotTestCase/SwiftSupport (2.1.4):
    - FBSnapshotTestCase/Core
  - YohunlUtilsPod (1.0.0):
    - AFNetworking

DEPENDENCIES:
  - CYKitPod (from `../`)
  - FBSnapshotTestCase
  - YohunlUtilsPod

EXTERNAL SOURCES:
  CYKitPod:
    :path: "../"

SPEC CHECKSUMS:
  AFNetworking: 5e0e199f73d8626b11e79750991f5d173d1f8b67
  CYKitPod: 1f814310006c1cb6004fa417f3183d76104d0479
  FBSnapshotTestCase: 094f9f314decbabe373b87cc339bea235a63e07a
  YohunlUtilsPod: c5427a28b30f248a45e5166845e3fd22c7865dc5

PODFILE CHECKSUM: a35c173293a2de30def94d05fcc832afb6fc0edc

COCOAPODS: 1.0.1
